
Microsoft Visual Studio Solution File, Format Version 12.00
# Visual Studio 15
VisualStudioVersion = 15.0.28010.0
MinimumVisualStudioVersion = 10.0.40219.1
Project("{FAE04EC0-301F-11D3-BF4B-00C04F79EFBC}") = "ConnectFourServer", "ConnectFourServer\ConnectFourServer.csproj", "{B5092AD5-ADB5-4C54-B1C7-2A7B75BBB67C}"
EndProject
Global
	GlobalSection(SolutionConfigurationPlatforms) = preSolution
		Debug|Any CPU = Debug|Any CPU
		Release|Any CPU = Release|Any CPU
	EndGlobalSection
	GlobalSection(ProjectConfigurationPlatforms) = postSolution
		{B5092AD5-ADB5-4C54-B1C7-2A7B75BBB67C}.Debug|Any CPU.ActiveCfg = Debug|Any CPU
		{B5092AD5-ADB5-4C54-B1C7-2A7B75BBB67C}.Debug|Any CPU.Build.0 = Debug|Any CPU
		{B5092AD5-ADB5-4C54-B1C7-2A7B75BBB67C}.Release|Any CPU.ActiveCfg = Release|Any CPU
		{B5092AD5-ADB5-4C54-B1C7-2A7B75BBB67C}.Release|Any CPU.Build.0 = Release|Any CPU
	EndGlobalSection
	GlobalSection(SolutionProperties) = preSolution
		HideSolutionNode = FALSE
	EndGlobalSection
	GlobalSection(ExtensibilityGlobals) = postSolution
		SolutionGuid = {E4029D36-7D89-4979-B285-699782DAA554}
	EndGlobalSection
EndGlobal
